{
  "name": "nexus-unified-core",
  "version": "2.97.0",
  "lockfileVersion": 3,
  "requires": true,
  "packages": {
    "": {
      "name": "nexus-unified-core",
      "version": "2.97.0",
      "license": "UNLICENSED",
      "dependencies": {
        "pg": "^8.11.0"
      },
      "engines": {
        "node": ">=18.0.0"
      },
      "optionalDependencies": {
        "pg": "^8.11.0",
        "razorpay": "^2.9.0"
      }
    }
  }
}
